
Microsoft Visual Studio Solution File, Format Version 12.00
# Visual Studio 2013
VisualStudioVersion = 12.0.31101.0
MinimumVisualStudioVersion = 10.0.40219.1
Project("{FAE04EC0-301F-11D3-BF4B-00C04F79EFBC}") = "WpfImageSplicer", "WpfImageSplicer\WpfImageSplicer.csproj", "{5C9C9978-73B1-48BD-BBBE-5A1C27B38DA1}"
EndProject
Project("{FAE04EC0-301F-11D3-BF4B-00C04F79EFBC}") = "WpfImageSplicer.Tests", "WpfImageSplicer.Tests\WpfImageSplicer.Tests.csproj", "{C01F7FE5-5A8F-4AAE-94B3-2022DEA266FD}"
EndProject
Global
	GlobalSection(SolutionConfigurationPlatforms) = preSolution
		Debug|Any CPU = Debug|Any CPU
		Release|Any CPU = Release|Any CPU
	EndGlobalSection
	GlobalSection(ProjectConfigurationPlatforms) = postSolution
		{5C9C9978-73B1-48BD-BBBE-5A1C27B38DA1}.Debug|Any CPU.ActiveCfg = Debug|Any CPU
		{5C9C9978-73B1-48BD-BBBE-5A1C27B38DA1}.Debug|Any CPU.Build.0 = Debug|Any CPU
		{5C9C9978-73B1-48BD-BBBE-5A1C27B38DA1}.Release|Any CPU.ActiveCfg = Release|Any CPU
		{5C9C9978-73B1-48BD-BBBE-5A1C27B38DA1}.Release|Any CPU.Build.0 = Release|Any CPU
		{C01F7FE5-5A8F-4AAE-94B3-2022DEA266FD}.Debug|Any CPU.ActiveCfg = Debug|Any CPU
		{C01F7FE5-5A8F-4AAE-94B3-2022DEA266FD}.Debug|Any CPU.Build.0 = Debug|Any CPU
		{C01F7FE5-5A8F-4AAE-94B3-2022DEA266FD}.Release|Any CPU.ActiveCfg = Release|Any CPU
		{C01F7FE5-5A8F-4AAE-94B3-2022DEA266FD}.Release|Any CPU.Build.0 = Release|Any CPU
	EndGlobalSection
	GlobalSection(SolutionProperties) = preSolution
		HideSolutionNode = FALSE
	EndGlobalSection
EndGlobal
